
Microsoft Visual Studio Solution File, Format Version 12.00
# Visual Studio Version 17
VisualStudioVersion = 17.14.36301.6
MinimumVisualStudioVersion = 10.0.40219.1
Project("{FAE04EC0-301F-11D3-BF4B-00C04F79EFBC}") = "Test2FA", "Test2FA\Test2FA.csproj", "{190D00EC-8193-4E64-B098-CA9B1B649979}"
EndProject
Global
	GlobalSection(SolutionConfigurationPlatforms) = preSolution
		Debug|Any CPU = Debug|Any CPU
		Release|Any CPU = Release|Any CPU
	EndGlobalSection
	GlobalSection(ProjectConfigurationPlatforms) = postSolution
		{190D00EC-8193-4E64-B098-CA9B1B649979}.Debug|Any CPU.ActiveCfg = Debug|Any CPU
		{190D00EC-8193-4E64-B098-CA9B1B649979}.Debug|Any CPU.Build.0 = Debug|Any CPU
		{190D00EC-8193-4E64-B098-CA9B1B649979}.Release|Any CPU.ActiveCfg = Release|Any CPU
		{190D00EC-8193-4E64-B098-CA9B1B649979}.Release|Any CPU.Build.0 = Release|Any CPU
	EndGlobalSection
	GlobalSection(SolutionProperties) = preSolution
		HideSolutionNode = FALSE
	EndGlobalSection
	GlobalSection(ExtensibilityGlobals) = postSolution
		SolutionGuid = {A0AF1D50-A0C8-4626-8146-1AC4967D3B9F}
	EndGlobalSection
EndGlobal
